
Microsoft Visual Studio Solution File, Format Version 12.00
Project("{FAE04EC0-301F-11D3-BF4B-00C04F79EFBC}") = "SupplyManagementSystem", "SupplyManagementSystem\SupplyManagementSystem.csproj", "{F53B730E-2720-4E8D-98E6-7E7EB3B77678}"
EndProject
Global
	GlobalSection(SolutionConfigurationPlatforms) = preSolution
		Debug|Any CPU = Debug|Any CPU
		Release|Any CPU = Release|Any CPU
	EndGlobalSection
	GlobalSection(ProjectConfigurationPlatforms) = postSolution
		{F53B730E-2720-4E8D-98E6-7E7EB3B77678}.Debug|Any CPU.ActiveCfg = Debug|Any CPU
		{F53B730E-2720-4E8D-98E6-7E7EB3B77678}.Debug|Any CPU.Build.0 = Debug|Any CPU
		{F53B730E-2720-4E8D-98E6-7E7EB3B77678}.Release|Any CPU.ActiveCfg = Release|Any CPU
		{F53B730E-2720-4E8D-98E6-7E7EB3B77678}.Release|Any CPU.Build.0 = Release|Any CPU
	EndGlobalSection
EndGlobal
